{
  "name": "pvm",
  "lockfileVersion": 3,
  "requires": true,
  "packages": {
    "": {
      "dependencies": {
        "tmtags": "^1.0.3"
      }
    },
    "node_modules/tmtags": {
      "version": "1.0.3",
      "resolved": "https://registry.npmjs.org/tmtags/-/tmtags-1.0.3.tgz",
      "integrity": "sha512-RXlw1R0Ujgxe3aOA4/XUwAzp1PDhn2SItD95ujeIpuXyjOeTIGxBhRtr0wyz6gzWsLQpeqxccHoyUPSr4UhZZA==",
      "license": "ISC"
    }
  }
}
